
Microsoft Visual Studio Solution File, Format Version 12.00
# Visual Studio 15
VisualStudioVersion = 15.0.28307.421
MinimumVisualStudioVersion = 10.0.40219.1
Project("{FAE04EC0-301F-11D3-BF4B-00C04F79EFBC}") = "DAL", "DAL\DAL.csproj", "{76D0413E-B28D-4321-A209-EA10EFF0287F}"
EndProject
Project("{FAE04EC0-301F-11D3-BF4B-00C04F79EFBC}") = "HotelAdministrator", "HotelAdministrator\HotelAdministrator.csproj", "{32BFA573-F91C-4642-98FE-449DF5E14CF4}"
EndProject
Project("{FAE04EC0-301F-11D3-BF4B-00C04F79EFBC}") = "Arch_2.2_3", "Arch_2.2_3\Arch_2.2_3.csproj", "{5DF60BA3-F6C5-4110-8071-4D94F72A96C2}"
EndProject
Global
	GlobalSection(SolutionConfigurationPlatforms) = preSolution
		Debug|Any CPU = Debug|Any CPU
		Release|Any CPU = Release|Any CPU
	EndGlobalSection
	GlobalSection(ProjectConfigurationPlatforms) = postSolution
		{76D0413E-B28D-4321-A209-EA10EFF0287F}.Debug|Any CPU.ActiveCfg = Debug|Any CPU
		{76D0413E-B28D-4321-A209-EA10EFF0287F}.Debug|Any CPU.Build.0 = Debug|Any CPU
		{76D0413E-B28D-4321-A209-EA10EFF0287F}.Release|Any CPU.ActiveCfg = Release|Any CPU
		{76D0413E-B28D-4321-A209-EA10EFF0287F}.Release|Any CPU.Build.0 = Release|Any CPU
		{32BFA573-F91C-4642-98FE-449DF5E14CF4}.Debug|Any CPU.ActiveCfg = Debug|Any CPU
		{32BFA573-F91C-4642-98FE-449DF5E14CF4}.Debug|Any CPU.Build.0 = Debug|Any CPU
		{32BFA573-F91C-4642-98FE-449DF5E14CF4}.Release|Any CPU.ActiveCfg = Release|Any CPU
		{32BFA573-F91C-4642-98FE-449DF5E14CF4}.Release|Any CPU.Build.0 = Release|Any CPU
		{5DF60BA3-F6C5-4110-8071-4D94F72A96C2}.Debug|Any CPU.ActiveCfg = Debug|Any CPU
		{5DF60BA3-F6C5-4110-8071-4D94F72A96C2}.Debug|Any CPU.Build.0 = Debug|Any CPU
		{5DF60BA3-F6C5-4110-8071-4D94F72A96C2}.Release|Any CPU.ActiveCfg = Release|Any CPU
		{5DF60BA3-F6C5-4110-8071-4D94F72A96C2}.Release|Any CPU.Build.0 = Release|Any CPU
	EndGlobalSection
	GlobalSection(SolutionProperties) = preSolution
		HideSolutionNode = FALSE
	EndGlobalSection
	GlobalSection(ExtensibilityGlobals) = postSolution
		SolutionGuid = {FD2FF0F7-0A5F-44B5-B28F-FF84DC61E439}
	EndGlobalSection
EndGlobal
